<?xml version="1.0" encoding="utf-8"?>
<Project ToolsVersion="4.0" xmlns="http://schemas.microsoft.com/developer/msbuild/2003">
  <ItemGroup>
    <ClCompile Include="p2Log.cpp">
      <Filter>Engine\Others</Filter>
    </ClCompile>
    <ClCompile Include="PugiXml\src\pugixml.cpp">
      <Filter>Engine\Tools\PuguiXML</Filter>
    </ClCompile>
    <ClCompile Include="Map.cpp">
      <Filter>Engine\Modules</Filter>
    </ClCompile>
    <ClCompile Include="Audio.cpp">
      <Filter>Engine\Modules</Filter>
    </ClCompile>
    <ClCompile Include="Input.cpp">
      <Filter>Engine\Modules</Filter>
    </ClCompile>
    <ClCompile Include="Render.cpp">
      <Filter>Engine\Modules</Filter>
    </ClCompile>
    <ClCompile Include="Textures.cpp">
      <Filter>Engine\Modules</Filter>
    </ClCompile>
    <ClCompile Include="Window.cpp">
      <Filter>Engine\Modules</Filter>
    </ClCompile>
    <ClCompile Include="Main.cpp">
      <Filter>Engine</Filter>
    </ClCompile>
    <ClCompile Include="j1App.cpp">
      <Filter>Engine</Filter>
    </ClCompile>
    <ClCompile Include="SceneManager.cpp">
      <Filter>Engine\Modules</Filter>
    </ClCompile>
    <ClCompile Include="PerfTimer.cpp">
      <Filter>Engine\Others</Filter>
    </ClCompile>
    <ClCompile Include="Timer.cpp">
      <Filter>Engine\Others</Filter>
    </ClCompile>
    <ClCompile Include="TransitionManager.cpp">
      <Filter>Engine\Modules</Filter>
    </ClCompile>
    <ClCompile Include="Fade.cpp">
      <Filter>Engine\Transitions</Filter>
    </ClCompile>
    <ClCompile Include="Transition.cpp">
      <Filter>Engine\Transitions</Filter>
    </ClCompile>
    <ClCompile Include="Zoom.cpp">
      <Filter>Engine\Transitions</Filter>
    </ClCompile>
    <ClCompile Include="CameraTranslation.cpp">
      <Filter>Engine\Transitions</Filter>
    </ClCompile>
    <ClCompile Include="Color.cpp">
      <Filter>Engine\Others</Filter>
    </ClCompile>
    <ClCompile Include="Scene_01.cpp">
      <Filter>Engine\Scenes</Filter>
    </ClCompile>
    <ClCompile Include="Scene_02.cpp">
      <Filter>Engine\Scenes</Filter>
    </ClCompile>
    <ClCompile Include="Bars.cpp">
      <Filter>Engine\Transitions</Filter>
    </ClCompile>
    <ClCompile Include="Wipe.cpp">
      <Filter>Engine\Transitions</Filter>
    </ClCompile>
  </ItemGroup>
  <ItemGroup>
    <ClInclude Include="p2Defs.h">
      <Filter>Engine\Others</Filter>
    </ClInclude>
    <ClInclude Include="p2Log.h">
      <Filter>Engine\Others</Filter>
    </ClInclude>
    <ClInclude Include="p2Point.h">
      <Filter>Engine\Others</Filter>
    </ClInclude>
    <ClInclude Include="PugiXml\src\pugiconfig.hpp">
      <Filter>Engine\Tools\PuguiXML</Filter>
    </ClInclude>
    <ClInclude Include="PugiXml\src\pugixml.hpp">
      <Filter>Engine\Tools\PuguiXML</Filter>
    </ClInclude>
    <ClInclude Include="Map.h">
      <Filter>Engine\Modules</Filter>
    </ClInclude>
    <ClInclude Include="Audio.h">
      <Filter>Engine\Modules</Filter>
    </ClInclude>
    <ClInclude Include="Input.h">
      <Filter>Engine\Modules</Filter>
    </ClInclude>
    <ClInclude Include="Render.h">
      <Filter>Engine\Modules</Filter>
    </ClInclude>
    <ClInclude Include="Textures.h">
      <Filter>Engine\Modules</Filter>
    </ClInclude>
    <ClInclude Include="Window.h">
      <Filter>Engine\Modules</Filter>
    </ClInclude>
    <ClInclude Include="Scene.h">
      <Filter>Engine\Scenes</Filter>
    </ClInclude>
    <ClInclude Include="Module.h">
      <Filter>Engine</Filter>
    </ClInclude>
    <ClInclude Include="j1App.h">
      <Filter>Engine</Filter>
    </ClInclude>
    <ClInclude Include="SceneManager.h">
      <Filter>Engine\Modules</Filter>
    </ClInclude>
    <ClInclude Include="PerfTimer.h">
      <Filter>Engine\Others</Filter>
    </ClInclude>
    <ClInclude Include="Timer.h">
      <Filter>Engine\Others</Filter>
    </ClInclude>
    <ClInclude Include="TransitionManager.h">
      <Filter>Engine\Modules</Filter>
    </ClInclude>
    <ClInclude Include="Zoom.h">
      <Filter>Engine\Transitions</Filter>
    </ClInclude>
    <ClInclude Include="Fade.h">
      <Filter>Engine\Transitions</Filter>
    </ClInclude>
    <ClInclude Include="Transition.h">
      <Filter>Engine\Transitions</Filter>
    </ClInclude>
    <ClInclude Include="CameraTranslation.h">
      <Filter>Engine\Transitions</Filter>
    </ClInclude>
    <ClInclude Include="Color.h">
      <Filter>Engine\Others</Filter>
    </ClInclude>
    <ClInclude Include="Scene_01.h">
      <Filter>Engine\Scenes</Filter>
    </ClInclude>
    <ClInclude Include="Scene_02.h">
      <Filter>Engine\Scenes</Filter>
    </ClInclude>
    <ClInclude Include="Bars.h">
      <Filter>Engine\Transitions</Filter>
    </ClInclude>
    <ClInclude Include="Wipe.h">
      <Filter>Engine\Transitions</Filter>
    </ClInclude>
  </ItemGroup>
  <ItemGroup>
    <Filter Include="Engine">
      <UniqueIdentifier>{cb944693-b9d0-484c-bad2-02d5a7cdbec6}</UniqueIdentifier>
    </Filter>
    <Filter Include="Engine\Tools">
      <UniqueIdentifier>{42c748be-4a37-49de-970f-5be811d06b38}</UniqueIdentifier>
    </Filter>
    <Filter Include="Engine\Tools\PuguiXML">
      <UniqueIdentifier>{7cb78d67-17cc-45eb-af97-e2106becce7b}</UniqueIdentifier>
    </Filter>
    <Filter Include="Engine\Scenes">
      <UniqueIdentifier>{e07660eb-d36f-4cc9-af59-324d31c2f2f6}</UniqueIdentifier>
    </Filter>
    <Filter Include="Engine\Modules">
      <UniqueIdentifier>{244722d1-90ce-423d-8e7a-556211865a32}</UniqueIdentifier>
    </Filter>
    <Filter Include="Engine\Others">
      <UniqueIdentifier>{a8bfab6a-5472-4969-943e-861a8b493f08}</UniqueIdentifier>
    </Filter>
    <Filter Include="Engine\Transitions">
      <UniqueIdentifier>{f72e282f-a3e7-4452-9d3f-09a8fbaa1710}</UniqueIdentifier>
    </Filter>
  </ItemGroup>
</Project>